
Microsoft Visual Studio Solution File, Format Version 12.00
# Visual Studio Version 16
VisualStudioVersion = 16.0.30804.86
MinimumVisualStudioVersion = 10.0.40219.1
Project("{FAE04EC0-301F-11D3-BF4B-00C04F79EFBC}") = "FindAllDaBestColorCombinations", "FindAllDaBestColorCombinations\FindAllDaBestColorCombinations.csproj", "{28CF1A40-5518-4660-B705-B16DCDEEBFB1}"
EndProject
Global
	GlobalSection(SolutionConfigurationPlatforms) = preSolution
		Debug|Any CPU = Debug|Any CPU
		Release|Any CPU = Release|Any CPU
	EndGlobalSection
	GlobalSection(ProjectConfigurationPlatforms) = postSolution
		{28CF1A40-5518-4660-B705-B16DCDEEBFB1}.Debug|Any CPU.ActiveCfg = Debug|Any CPU
		{28CF1A40-5518-4660-B705-B16DCDEEBFB1}.Debug|Any CPU.Build.0 = Debug|Any CPU
		{28CF1A40-5518-4660-B705-B16DCDEEBFB1}.Release|Any CPU.ActiveCfg = Release|Any CPU
		{28CF1A40-5518-4660-B705-B16DCDEEBFB1}.Release|Any CPU.Build.0 = Release|Any CPU
	EndGlobalSection
	GlobalSection(SolutionProperties) = preSolution
		HideSolutionNode = FALSE
	EndGlobalSection
	GlobalSection(ExtensibilityGlobals) = postSolution
		SolutionGuid = {37D93A1B-F65B-426A-9C0D-05A7CE616C69}
	EndGlobalSection
EndGlobal
